%{"bunt": {:hex, :bunt, "0.2.0", "951c6e801e8b1d2cbe58ebbd3e616a869061ddadcc4863d0a2182541acae9a38", [:mix], [], "hexpm"},
  "comeonin": {:hex, :comeonin, "3.0.2", "8b213268a6634bd2e31a8035a963e974681d13ccc1f73f2ae664b6ac4e993c96", [:make, :mix], [{:elixir_make, "~> 0.4", [hex: :elixir_make, repo: "hexpm", optional: false]}], "hexpm"},
  "cors_plug": {:hex, :cors_plug, "1.3.0", "c1c8abad193ab9dbd0eb615780d6524a6c71ac5aadcc8e447e8d300a92232ba8", [:mix], [{:plug, "> 0.8.0", [hex: :plug, repo: "hexpm", optional: false]}], "hexpm"},
  "cowboy": {:hex, :cowboy, "1.1.2", "61ac29ea970389a88eca5a65601460162d370a70018afe6f949a29dca91f3bb0", [:rebar3], [{:cowlib, "~> 1.0.2", [hex: :cowlib, repo: "hexpm", optional: false]}, {:ranch, "~> 1.3.2", [hex: :ranch, repo: "hexpm", optional: false]}], "hexpm"},
  "cowlib": {:hex, :cowlib, "1.0.2", "9d769a1d062c9c3ac753096f868ca121e2730b9a377de23dec0f7e08b1df84ee", [:make], [], "hexpm"},
  "credo": {:hex, :credo, "0.7.2", "850463f126c09227994967fdcf8b8ad7684ab220f7727c00bcafc0ac37bd3660", [:mix], [{:bunt, "~> 0.2.0", [hex: :bunt, repo: "hexpm", optional: false]}], "hexpm"},
  "dogma": {:hex, :dogma, "0.1.15", "5bceba9054b2b97a4adcb2ab4948ca9245e5258b883946e82d32f785340fd411", [:mix], [{:poison, ">= 2.0.0", [hex: :poison, repo: "hexpm", optional: false]}], "hexpm"},
  "elixir_make": {:hex, :elixir_make, "0.4.0", "992f38fabe705bb45821a728f20914c554b276838433349d4f2341f7a687cddf", [:mix], [], "hexpm"},
  "eredis": {:hex, :eredis, "1.0.8", "ab4fda1c4ba7fbe6c19c26c249dc13da916d762502c4b4fa2df401a8d51c5364", [:rebar], [], "hexpm"},
  "exjsx": {:hex, :exjsx, "3.2.1", "1bc5bf1e4fd249104178f0885030bcd75a4526f4d2a1e976f4b428d347614f0f", [:mix], [{:jsx, "~> 2.8.0", [hex: :jsx, repo: "hexpm", optional: false]}], "hexpm"},
  "exredis": {:hex, :exredis, "0.2.5", "34d02fa9ef32174cbd790b166746f91b3dbc131ce37a2d9a2451e8bba164b423", [:mix], [{:eredis, ">= 1.0.8", [hex: :eredis, repo: "hexpm", optional: false]}], "hexpm"},
  "gproc": {:hex, :gproc, "0.6.1", "4579663e5677970758a05d8f65d13c3e9814ec707ad51d8dcef7294eda1a730c", [:rebar3], [], "hexpm"},
  "jsx": {:hex, :jsx, "2.8.2", "7acc7d785b5abe8a6e9adbde926a24e481f29956dd8b4df49e3e4e7bcc92a018", [:mix, :rebar3], [], "hexpm"},
  "maru": {:hex, :maru, "0.11.4", "35f4a0ab0eab5247f6b5b74bba30fcb63c575ea3157afb3dac0b6804b94a2a86", [:mix], [{:cowboy, "~> 1.0", [hex: :cowboy, repo: "hexpm", optional: false]}, {:plug, "~> 1.0", [hex: :plug, repo: "hexpm", optional: false]}, {:poison, "~> 1.5 or ~> 2.0 or ~> 3.0", [hex: :poison, repo: "hexpm", optional: false]}], "hexpm"},
  "mime": {:hex, :mime, "1.1.0", "01c1d6f4083d8aa5c7b8c246ade95139620ef8effb009edde934e0ec3b28090a", [:mix], [], "hexpm"},
  "plug": {:hex, :plug, "1.3.4", "b4ef3a383f991bfa594552ded44934f2a9853407899d47ecc0481777fb1906f6", [:mix], [{:cowboy, "~> 1.0.1 or ~> 1.1", [hex: :cowboy, repo: "hexpm", optional: true]}, {:mime, "~> 1.0", [hex: :mime, repo: "hexpm", optional: false]}], "hexpm"},
  "poison": {:hex, :poison, "3.1.0", "d9eb636610e096f86f25d9a46f35a9facac35609a7591b3be3326e99a0484665", [:mix], [], "hexpm"},
  "poolboy": {:hex, :poolboy, "1.5.1", "6b46163901cfd0a1b43d692657ed9d7e599853b3b21b95ae5ae0a777cf9b6ca8", [:rebar], [], "hexpm"},
  "ranch": {:hex, :ranch, "1.3.2", "e4965a144dc9fbe70e5c077c65e73c57165416a901bd02ea899cfd95aa890986", [:rebar3], [], "hexpm"},
  "redis_poolex": {:git, "https://github.com/oivoodoo/redis_poolex.git", "c6d680605d88d1ff8e58baca5252f7b5af4104d8", []},
  "secure_random": {:hex, :secure_random, "0.5.1", "c5532b37c89d175c328f5196a0c2a5680b15ebce3e654da37129a9fe40ebf51b", [:mix], [], "hexpm"},
  "tirexs": {:hex, :tirexs, "0.8.13", "71c6832cecdb7e2675e9d1c13effc101ad553b60316a90042d3062b1ea2ce3b3", [:mix], [{:exjsx, "~> 3.2.0", [hex: :exjsx, repo: "hexpm", optional: false]}], "hexpm"},
  "web_socket": {:hex, :web_socket, "0.1.0", "1bf749a3b34845ea155ea6f63337815b342069131ad71251f068c2f8a6f7d3aa", [:mix], [{:cowboy, "~> 1.0", [hex: :cowboy, repo: "hexpm", optional: false]}, {:plug, "~> 1.2", [hex: :plug, repo: "hexpm", optional: false]}, {:poison, "~> 3.0", [hex: :poison, repo: "hexpm", optional: false]}], "hexpm"}}
